
Microsoft Visual Studio Solution File, Format Version 12.00
# Visual Studio Version 16
VisualStudioVersion = 16.0.31321.278
MinimumVisualStudioVersion = 10.0.40219.1
Project("{FAE04EC0-301F-11D3-BF4B-00C04F79EFBC}") = "Lab_Middleware", "Lab_Middleware\Lab_Middleware.csproj", "{1039FDB0-A96E-4475-9E94-6F9C3923AD3B}"
EndProject
Global
	GlobalSection(SolutionConfigurationPlatforms) = preSolution
		Debug|Any CPU = Debug|Any CPU
		Release|Any CPU = Release|Any CPU
	EndGlobalSection
	GlobalSection(ProjectConfigurationPlatforms) = postSolution
		{1039FDB0-A96E-4475-9E94-6F9C3923AD3B}.Debug|Any CPU.ActiveCfg = Debug|Any CPU
		{1039FDB0-A96E-4475-9E94-6F9C3923AD3B}.Debug|Any CPU.Build.0 = Debug|Any CPU
		{1039FDB0-A96E-4475-9E94-6F9C3923AD3B}.Release|Any CPU.ActiveCfg = Release|Any CPU
		{1039FDB0-A96E-4475-9E94-6F9C3923AD3B}.Release|Any CPU.Build.0 = Release|Any CPU
	EndGlobalSection
	GlobalSection(SolutionProperties) = preSolution
		HideSolutionNode = FALSE
	EndGlobalSection
	GlobalSection(ExtensibilityGlobals) = postSolution
		SolutionGuid = {AF1C6197-3F59-4B38-9C1D-0E2A1961340A}
	EndGlobalSection
EndGlobal
