
Microsoft Visual Studio Solution File, Format Version 12.00
# Visual Studio Version 16
VisualStudioVersion = 16.0.31410.357
MinimumVisualStudioVersion = 10.0.40219.1
Project("{FAE04EC0-301F-11D3-BF4B-00C04F79EFBC}") = "MVC_ToDo", "MVC_ToDo\MVC_ToDo.csproj", "{AAE378D2-F453-4FE5-8B8C-EE97F45B1FDD}"
EndProject
Global
	GlobalSection(SolutionConfigurationPlatforms) = preSolution
		Debug|Any CPU = Debug|Any CPU
		Release|Any CPU = Release|Any CPU
	EndGlobalSection
	GlobalSection(ProjectConfigurationPlatforms) = postSolution
		{AAE378D2-F453-4FE5-8B8C-EE97F45B1FDD}.Debug|Any CPU.ActiveCfg = Debug|Any CPU
		{AAE378D2-F453-4FE5-8B8C-EE97F45B1FDD}.Debug|Any CPU.Build.0 = Debug|Any CPU
		{AAE378D2-F453-4FE5-8B8C-EE97F45B1FDD}.Release|Any CPU.ActiveCfg = Release|Any CPU
		{AAE378D2-F453-4FE5-8B8C-EE97F45B1FDD}.Release|Any CPU.Build.0 = Release|Any CPU
	EndGlobalSection
	GlobalSection(SolutionProperties) = preSolution
		HideSolutionNode = FALSE
	EndGlobalSection
	GlobalSection(ExtensibilityGlobals) = postSolution
		SolutionGuid = {22B10F66-9D21-4227-98FA-FCCC0522AB6F}
	EndGlobalSection
EndGlobal
