
Microsoft Visual Studio Solution File, Format Version 12.00
# Visual Studio Version 16
VisualStudioVersion = 16.0.31410.357
MinimumVisualStudioVersion = 10.0.40219.1
Project("{FAE04EC0-301F-11D3-BF4B-00C04F79EFBC}") = "Lab_DI", "Lab_DI\Lab_DI.csproj", "{55806A26-CEC2-45BF-B5DA-AA57B0ACE4A4}"
EndProject
Global
	GlobalSection(SolutionConfigurationPlatforms) = preSolution
		Debug|Any CPU = Debug|Any CPU
		Release|Any CPU = Release|Any CPU
	EndGlobalSection
	GlobalSection(ProjectConfigurationPlatforms) = postSolution
		{55806A26-CEC2-45BF-B5DA-AA57B0ACE4A4}.Debug|Any CPU.ActiveCfg = Debug|Any CPU
		{55806A26-CEC2-45BF-B5DA-AA57B0ACE4A4}.Debug|Any CPU.Build.0 = Debug|Any CPU
		{55806A26-CEC2-45BF-B5DA-AA57B0ACE4A4}.Release|Any CPU.ActiveCfg = Release|Any CPU
		{55806A26-CEC2-45BF-B5DA-AA57B0ACE4A4}.Release|Any CPU.Build.0 = Release|Any CPU
	EndGlobalSection
	GlobalSection(SolutionProperties) = preSolution
		HideSolutionNode = FALSE
	EndGlobalSection
	GlobalSection(ExtensibilityGlobals) = postSolution
		SolutionGuid = {B7EB66E2-505E-425B-897F-C81B44A860E9}
	EndGlobalSection
EndGlobal
